
Microsoft Visual Studio Solution File, Format Version 12.00
# Visual Studio Version 16
VisualStudioVersion = 16.0.29519.181
MinimumVisualStudioVersion = 10.0.40219.1
Project("{FAE04EC0-301F-11D3-BF4B-00C04F79EFBC}") = "TheZoo", "TheZoo\TheZoo.csproj", "{E3974818-3376-4511-9429-37B3DCE35617}"
EndProject
Global
	GlobalSection(SolutionConfigurationPlatforms) = preSolution
		Debug|Any CPU = Debug|Any CPU
		Release|Any CPU = Release|Any CPU
	EndGlobalSection
	GlobalSection(ProjectConfigurationPlatforms) = postSolution
		{E3974818-3376-4511-9429-37B3DCE35617}.Debug|Any CPU.ActiveCfg = Debug|Any CPU
		{E3974818-3376-4511-9429-37B3DCE35617}.Debug|Any CPU.Build.0 = Debug|Any CPU
		{E3974818-3376-4511-9429-37B3DCE35617}.Release|Any CPU.ActiveCfg = Release|Any CPU
		{E3974818-3376-4511-9429-37B3DCE35617}.Release|Any CPU.Build.0 = Release|Any CPU
	EndGlobalSection
	GlobalSection(SolutionProperties) = preSolution
		HideSolutionNode = FALSE
	EndGlobalSection
	GlobalSection(ExtensibilityGlobals) = postSolution
		SolutionGuid = {EB7DC44F-7A7C-42F8-81AA-C09F74204D7D}
	EndGlobalSection
EndGlobal
